
Microsoft Visual Studio Solution File, Format Version 12.00
# Visual Studio 14
VisualStudioVersion = 14.0.24720.0
MinimumVisualStudioVersion = 10.0.40219.1
Project("{FAE04EC0-301F-11D3-BF4B-00C04F79EFBC}") = "EFConsoleTest", "EFConsoleTest\EFConsoleTest.csproj", "{438BE864-9CB6-4CF2-84B4-CD68DAB9E667}"
EndProject
Project("{FAE04EC0-301F-11D3-BF4B-00C04F79EFBC}") = "AutoLotDAL", "AutoLotDAL\AutoLotDAL.csproj", "{A3A17699-F4D5-4F01-AF73-512C8053391D}"
EndProject
Global
	GlobalSection(SolutionConfigurationPlatforms) = preSolution
		Debug|Any CPU = Debug|Any CPU
		Release|Any CPU = Release|Any CPU
	EndGlobalSection
	GlobalSection(ProjectConfigurationPlatforms) = postSolution
		{438BE864-9CB6-4CF2-84B4-CD68DAB9E667}.Debug|Any CPU.ActiveCfg = Debug|Any CPU
		{438BE864-9CB6-4CF2-84B4-CD68DAB9E667}.Debug|Any CPU.Build.0 = Debug|Any CPU
		{438BE864-9CB6-4CF2-84B4-CD68DAB9E667}.Release|Any CPU.ActiveCfg = Release|Any CPU
		{438BE864-9CB6-4CF2-84B4-CD68DAB9E667}.Release|Any CPU.Build.0 = Release|Any CPU
		{A3A17699-F4D5-4F01-AF73-512C8053391D}.Debug|Any CPU.ActiveCfg = Debug|Any CPU
		{A3A17699-F4D5-4F01-AF73-512C8053391D}.Debug|Any CPU.Build.0 = Debug|Any CPU
		{A3A17699-F4D5-4F01-AF73-512C8053391D}.Release|Any CPU.ActiveCfg = Release|Any CPU
		{A3A17699-F4D5-4F01-AF73-512C8053391D}.Release|Any CPU.Build.0 = Release|Any CPU
	EndGlobalSection
	GlobalSection(SolutionProperties) = preSolution
		HideSolutionNode = FALSE
	EndGlobalSection
EndGlobal
